// !$*UTF8*$!
{
	archiveVersion = 1;
	classes = {
	};
	objectVersion = 48;
	objects = {

/* Begin PBXBuildFile section */
		FA7229621FBD48CB00827D8E /* AppDelegate.swift in Sources */ = {isa = PBXBuildFile; fileRef = FA7229611FBD48CB00827D8E /* AppDelegate.swift */; };
		FA7229641FBD48CB00827D8E /* ViewController.swift in Sources */ = {isa = PBXBuildFile; fileRef = FA7229631FBD48CB00827D8E /* ViewController.swift */; };
		FA7229671FBD48CB00827D8E /* Main.storyboard in Resources */ = {isa = PBXBuildFile; fileRef = FA7229651FBD48CB00827D8E /* Main.storyboard */; };
		FA7229691FBD48CB00827D8E /* Assets.xcassets in Resources */ = {isa = PBXBuildFile; fileRef = FA7229681FBD48CB00827D8E /* Assets.xcassets */; };
		FA72296C1FBD48CB00827D8E /* LaunchScreen.storyboard in Resources */ = {isa = PBXBuildFile; fileRef = FA72296A1FBD48CB00827D8E /* LaunchScreen.storyboard */; };
		FA7229771FBD48CB00827D8E /* AR_DrawingTests.swift in Sources */ = {isa = PBXBuildFile; fileRef = FA7229761FBD48CB00827D8E /* AR_DrawingTests.swift */; };
		FA7229821FBD48CB00827D8E /* AR_DrawingUITests.swift in Sources */ = {isa = PBXBuildFile; fileRef = FA7229811FBD48CB00827D8E /* AR_DrawingUITests.swift */; };
/* End PBXBuildFile section */

/* Begin PBXContainerItemProxy section */
		FA7229731FBD48CB00827D8E /* PBXContainerItemProxy */ = {
			isa = PBXContainerItemProxy;
			containerPortal = FA7229561FBD48CB00827D8E /* Project object */;
			proxyType = 1;
			remoteGlobalIDString = FA72295D1FBD48CB00827D8E;
			remoteInfo = "AR Drawing";
		};
		FA72297E1FBD48CB00827D8E /* PBXContainerItemProxy */ = {
			isa = PBXContainerItemProxy;
			containerPortal = FA7229561FBD48CB00827D8E /* Project object */;
			proxyType = 1;
			remoteGlobalIDString = FA72295D1FBD48CB00827D8E;
			remoteInfo = "AR Drawing";
		};
/* End PBXContainerItemProxy section */

/* Begin PBXFileReference section */
		FA72295E1FBD48CB00827D8E /* AR Drawing.app */ = {isa = PBXFileReference; explicitFileType = wrapper.application; includeInIndex = 0; path = "AR Drawing.app"; sourceTree = BUILT_PRODUCTS_DIR; };
		FA7229611FBD48CB00827D8E /* AppDelegate.swift */ = {isa = PBXFileReference; lastKnownFileType = sourcecode.swift; path = AppDelegate.swift; sourceTree = "<group>"; };
		FA7229631FBD48CB00827D8E /* ViewController.swift */ = {isa = PBXFileReference; lastKnownFileType = sourcecode.swift; path = ViewController.swift; sourceTree = "<group>"; };
		FA7229661FBD48CB00827D8E /* Base */ = {isa = PBXFileReference; lastKnownFileType = file.storyboard; name = Base; path = Base.lproj/Main.storyboard; sourceTree = "<group>"; };
		FA7229681FBD48CB00827D8E /* Assets.xcassets */ = {isa = PBXFileReference; lastKnownFileType = folder.assetcatalog; path = Assets.xcassets; sourceTree = "<group>"; };
		FA72296B1FBD48CB00827D8E /* Base */ = {isa = PBXFileReference; lastKnownFileType = file.storyboard; name = Base; path = Base.lproj/LaunchScreen.storyboard; sourceTree = "<group>"; };
		FA72296D1FBD48CB00827D8E /* Info.plist */ = {isa = PBXFileReference; lastKnownFileType = text.plist.xml; path = Info.plist; sourceTree = "<group>"; };
		FA7229721FBD48CB00827D8E /* AR DrawingTests.xctest */ = {isa = PBXFileReference; explicitFileType = wrapper.cfbundle; includeInIndex = 0; path = "AR DrawingTests.xctest"; sourceTree = BUILT_PRODUCTS_DIR; };
		FA7229761FBD48CB00827D8E /* AR_DrawingTests.swift */ = {isa = PBXFileReference; lastKnownFileType = sourcecode.swift; path = AR_DrawingTests.swift; sourceTree = "<group>"; };
		FA7229781FBD48CB00827D8E /* Info.plist */ = {isa = PBXFileReference; lastKnownFileType = text.plist.xml; path = Info.plist; sourceTree = "<group>"; };
		FA72297D1FBD48CB00827D8E /* AR DrawingUITests.xctest */ = {isa = PBXFileReference; explicitFileType = wrapper.cfbundle; includeInIndex = 0; path = "AR DrawingUITests.xctest"; sourceTree = BUILT_PRODUCTS_DIR; };
		FA7229811FBD48CB00827D8E /* AR_DrawingUITests.swift */ = {isa = PBXFileReference; lastKnownFileType = sourcecode.swift; path = AR_DrawingUITests.swift; sourceTree = "<group>"; };
		FA7229831FBD48CB00827D8E /* Info.plist */ = {isa = PBXFileReference; lastKnownFileType = text.plist.xml; path = Info.plist; sourceTree = "<group>"; };
/* End PBXFileReference section */

/* Begin PBXFrameworksBuildPhase section */
		FA72295B1FBD48CB00827D8E /* Frameworks */ = {
			isa = PBXFrameworksBuildPhase;
			buildActionMask = 2147483647;
			files = (
			);
			runOnlyForDeploymentPostprocessing = 0;
		};
		FA72296F1FBD48CB00827D8E /* Frameworks */ = {
			isa = PBXFrameworksBuildPhase;
			buildActionMask = 2147483647;
			files = (
			);
			runOnlyForDeploymentPostprocessing = 0;
		};
		FA72297A1FBD48CB00827D8E /* Frameworks */ = {
			isa = PBXFrameworksBuildPhase;
			buildActionMask = 2147483647;
			files = (
			);
			runOnlyForDeploymentPostprocessing = 0;
		};
/* End PBXFrameworksBuildPhase section */

/* Begin PBXGroup section */
		FA7229551FBD48CB00827D8E = {
			isa = PBXGroup;
			children = (
				FA7229601FBD48CB00827D8E /* AR Drawing */,
				FA7229751FBD48CB00827D8E /* AR DrawingTests */,
				FA7229801FBD48CB00827D8E /* AR DrawingUITests */,
				FA72295F1FBD48CB00827D8E /* Products */,
			);
			sourceTree = "<group>";
		};
		FA72295F1FBD48CB00827D8E /* Products */ = {
			isa = PBXGroup;
			children = (
				FA72295E1FBD48CB00827D8E /* AR Drawing.app */,
				FA7229721FBD48CB00827D8E /* AR DrawingTests.xctest */,
				FA72297D1FBD48CB00827D8E /* AR DrawingUITests.xctest */,
			);
			name = Products;
			sourceTree = "<group>";
		};
		FA7229601FBD48CB00827D8E /* AR Drawing */ = {
			isa = PBXGroup;
			children = (
				FA7229611FBD48CB00827D8E /* AppDelegate.swift */,
				FA7229631FBD48CB00827D8E /* ViewController.swift */,
				FA7229651FBD48CB00827D8E /* Main.storyboard */,
				FA7229681FBD48CB00827D8E /* Assets.xcassets */,
				FA72296A1FBD48CB00827D8E /* LaunchScreen.storyboard */,
				FA72296D1FBD48CB00827D8E /* Info.plist */,
			);
			path = "AR Drawing";
			sourceTree = "<group>";
		};
		FA7229751FBD48CB00827D8E /* AR DrawingTests */ = {
			isa = PBXGroup;
			children = (
				FA7229761FBD48CB00827D8E /* AR_DrawingTests.swift */,
				FA7229781FBD48CB00827D8E /* Info.plist */,
			);
			path = "AR DrawingTests";
			sourceTree = "<group>";
		};
		FA7229801FBD48CB00827D8E /* AR DrawingUITests */ = {
			isa = PBXGroup;
			children = (
				FA7229811FBD48CB00827D8E /* AR_DrawingUITests.swift */,
				FA7229831FBD48CB00827D8E /* Info.plist */,
			);
			path = "AR DrawingUITests";
			sourceTree = "<group>";
		};
/* End PBXGroup section */

/* Begin PBXNativeTarget section */
		FA72295D1FBD48CB00827D8E /* AR Drawing */ = {
			isa = PBXNativeTarget;
			buildConfigurationList = FA7229861FBD48CB00827D8E /* Build configuration list for PBXNativeTarget "AR Drawing" */;
			buildPhases = (
				FA72295A1FBD48CB00827D8E /* Sources */,
				FA72295B1FBD48CB00827D8E /* Frameworks */,
				FA72295C1FBD48CB00827D8E /* Resources */,
			);
			buildRules = (
			);
			dependencies = (
			);
			name = "AR Drawing";
			productName = "AR Drawing";
			productReference = FA72295E1FBD48CB00827D8E /* AR Drawing.app */;
			productType = "com.apple.product-type.application";
		};
		FA7229711FBD48CB00827D8E /* AR DrawingTests */ = {
			isa = PBXNativeTarget;
			buildConfigurationList = FA7229891FBD48CB00827D8E /* Build configuration list for PBXNativeTarget "AR DrawingTests" */;
			buildPhases = (
				FA72296E1FBD48CB00827D8E /* Sources */,
				FA72296F1FBD48CB00827D8E /* Frameworks */,
				FA7229701FBD48CB00827D8E /* Resources */,
			);
			buildRules = (
			);
			dependencies = (
				FA7229741FBD48CB00827D8E /* PBXTargetDependency */,
			);
			name = "AR DrawingTests";
			productName = "AR DrawingTests";
			productReference = FA7229721FBD48CB00827D8E /* AR DrawingTests.xctest */;
			productType = "com.apple.product-type.bundle.unit-test";
		};
		FA72297C1FBD48CB00827D8E /* AR DrawingUITests */ = {
			isa = PBXNativeTarget;
			buildConfigurationList = FA72298C1FBD48CB00827D8E /* Build configuration list for PBXNativeTarget "AR DrawingUITests" */;
			buildPhases = (
				FA7229791FBD48CB00827D8E /* Sources */,
				FA72297A1FBD48CB00827D8E /* Frameworks */,
				FA72297B1FBD48CB00827D8E /* Resources */,
			);
			buildRules = (
			);
			dependencies = (
				FA72297F1FBD48CB00827D8E /* PBXTargetDependency */,
			);
			name = "AR DrawingUITests";
			productName = "AR DrawingUITests";
			productReference = FA72297D1FBD48CB00827D8E /* AR DrawingUITests.xctest */;
			productType = "com.apple.product-type.bundle.ui-testing";
		};
/* End PBXNativeTarget section */

/* Begin PBXProject section */
		FA7229561FBD48CB00827D8E /* Project object */ = {
			isa = PBXProject;
			attributes = {
				LastSwiftUpdateCheck = 0910;
				LastUpgradeCheck = 0910;
				ORGANIZATIONNAME = Macbook;
				TargetAttributes = {
					FA72295D1FBD48CB00827D8E = {
						CreatedOnToolsVersion = 9.1;
						ProvisioningStyle = Automatic;
					};
					FA7229711FBD48CB00827D8E = {
						CreatedOnToolsVersion = 9.1;
						ProvisioningStyle = Automatic;
						TestTargetID = FA72295D1FBD48CB00827D8E;
					};
					FA72297C1FBD48CB00827D8E = {
						CreatedOnToolsVersion = 9.1;
						ProvisioningStyle = Automatic;
						TestTargetID = FA72295D1FBD48CB00827D8E;
					};
				};
			};
			buildConfigurationList = FA7229591FBD48CB00827D8E /* Build configuration list for PBXProject "AR Drawing" */;
			compatibilityVersion = "Xcode 8.0";
			developmentRegion = en;
			hasScannedForEncodings = 0;
			knownRegions = (
				en,
				Base,
			);
			mainGroup = FA7229551FBD48CB00827D8E;
			productRefGroup = FA72295F1FBD48CB00827D8E /* Products */;
			projectDirPath = "";
			projectRoot = "";
			targets = (
				FA72295D1FBD48CB00827D8E /* AR Drawing */,
				FA7229711FBD48CB00827D8E /* AR DrawingTests */,
				FA72297C1FBD48CB00827D8E /* AR DrawingUITests */,
			);
		};
/* End PBXProject section */

/* Begin PBXResourcesBuildPhase section */
		FA72295C1FBD48CB00827D8E /* Resources */ = {
			isa = PBXResourcesBuildPhase;
			buildActionMask = 2147483647;
			files = (
				FA72296C1FBD48CB00827D8E /* LaunchScreen.storyboard in Resources */,
				FA7229691FBD48CB00827D8E /* Assets.xcassets in Resources */,
				FA7229671FBD48CB00827D8E /* Main.storyboard in Resources */,
			);
			runOnlyForDeploymentPostprocessing = 0;
		};
		FA7229701FBD48CB00827D8E /* Resources */ = {
			isa = PBXResourcesBuildPhase;
			buildActionMask = 2147483647;
			files = (
			);
			runOnlyForDeploymentPostprocessing = 0;
		};
		FA72297B1FBD48CB00827D8E /* Resources */ = {
			isa = PBXResourcesBuildPhase;
			buildActionMask = 2147483647;
			files = (
			);
			runOnlyForDeploymentPostprocessing = 0;
		};
/* End PBXResourcesBuildPhase section */

/* Begin PBXSourcesBuildPhase section */
		FA72295A1FBD48CB00827D8E /* Sources */ = {
			isa = PBXSourcesBuildPhase;
			buildActionMask = 2147483647;
			files = (
				FA7229641FBD48CB00827D8E /* ViewController.swift in Sources */,
				FA7229621FBD48CB00827D8E /* AppDelegate.swift in Sources */,
			);
			runOnlyForDeploymentPostprocessing = 0;
		};
		FA72296E1FBD48CB00827D8E /* Sources */ = {
			isa = PBXSourcesBuildPhase;
			buildActionMask = 2147483647;
			files = (
				FA7229771FBD48CB00827D8E /* AR_DrawingTests.swift in Sources */,
			);
			runOnlyForDeploymentPostprocessing = 0;
		};
		FA7229791FBD48CB00827D8E /* Sources */ = {
			isa = PBXSourcesBuildPhase;
			buildActionMask = 2147483647;
			files = (
				FA7229821FBD48CB00827D8E /* AR_DrawingUITests.swift in Sources */,
			);
			runOnlyForDeploymentPostprocessing = 0;
		};
/* End PBXSourcesBuildPhase section */

/* Begin PBXTargetDependency section */
		FA7229741FBD48CB00827D8E /* PBXTargetDependency */ = {
			isa = PBXTargetDependency;
			target = FA72295D1FBD48CB00827D8E /* AR Drawing */;
			targetProxy = FA7229731FBD48CB00827D8E /* PBXContainerItemProxy */;
		};
		FA72297F1FBD48CB00827D8E /* PBXTargetDependency */ = {
			isa = PBXTargetDependency;
			target = FA72295D1FBD48CB00827D8E /* AR Drawing */;
			targetProxy = FA72297E1FBD48CB00827D8E /* PBXContainerItemProxy */;
		};
/* End PBXTargetDependency section */

/* Begin PBXVariantGroup section */
		FA7229651FBD48CB00827D8E /* Main.storyboard */ = {
			isa = PBXVariantGroup;
			children = (
				FA7229661FBD48CB00827D8E /* Base */,
			);
			name = Main.storyboard;
			sourceTree = "<group>";
		};
		FA72296A1FBD48CB00827D8E /* LaunchScreen.storyboard */ = {
			isa = PBXVariantGroup;
			children = (
				FA72296B1FBD48CB00827D8E /* Base */,
			);
			name = LaunchScreen.storyboard;
			sourceTree = "<group>";
		};
/* End PBXVariantGroup section */

/* Begin XCBuildConfiguration section */
		FA7229841FBD48CB00827D8E /* Debug */ = {
			isa = XCBuildConfiguration;
			buildSettings = {
				ALWAYS_SEARCH_USER_PATHS = NO;
				CLANG_ANALYZER_NONNULL = YES;
				CLANG_ANALYZER_NUMBER_OBJECT_CONVERSION = YES_AGGRESSIVE;
				CLANG_CXX_LANGUAGE_STANDARD = "gnu++14";
				CLANG_CXX_LIBRARY = "libc++";
				CLANG_ENABLE_MODULES = YES;
				CLANG_ENABLE_OBJC_ARC = YES;
				CLANG_WARN_BLOCK_CAPTURE_AUTORELEASING = YES;
				CLANG_WARN_BOOL_CONVERSION = YES;
				CLANG_WARN_COMMA = YES;
				CLANG_WARN_CONSTANT_CONVERSION = YES;
				CLANG_WARN_DIRECT_OBJC_ISA_USAGE = YES_ERROR;
				CLANG_WARN_DOCUMENTATION_COMMENTS = YES;
				CLANG_WARN_EMPTY_BODY = YES;
				CLANG_WARN_ENUM_CONVERSION = YES;
				CLANG_WARN_INFINITE_RECURSION = YES;
				CLANG_WARN_INT_CONVERSION = YES;
				CLANG_WARN_NON_LITERAL_NULL_CONVERSION = YES;
				CLANG_WARN_OBJC_LITERAL_CONVERSION = YES;
				CLANG_WARN_OBJC_ROOT_CLASS = YES_ERROR;
				CLANG_WARN_RANGE_LOOP_ANALYSIS = YES;
				CLANG_WARN_STRICT_PROTOTYPES = YES;
				CLANG_WARN_SUSPICIOUS_MOVE = YES;
				CLANG_WARN_UNGUARDED_AVAILABILITY = YES_AGGRESSIVE;
				CLANG_WARN_UNREACHABLE_CODE = YES;
				CLANG_WARN__DUPLICATE_METHOD_MATCH = YES;
				CODE_SIGN_IDENTITY = "iPhone Developer";
				COPY_PHASE_STRIP = NO;
				DEBUG_INFORMATION_FORMAT = dwarf;
				ENABLE_STRICT_OBJC_MSGSEND = YES;
				ENABLE_TESTABILITY = YES;
				GCC_C_LANGUAGE_STANDARD = gnu11;
				GCC_DYNAMIC_NO_PIC = NO;
				GCC_NO_COMMON_BLOCKS = YES;
				GCC_OPTIMIZATION_LEVEL = 0;
				GCC_PREPROCESSOR_DEFINITIONS = (
					"DEBUG=1",
					"$(inherited)",
				);
				GCC_WARN_64_TO_32_BIT_CONVERSION = YES;
				GCC_WARN_ABOUT_RETURN_TYPE = YES_ERROR;
				GCC_WARN_UNDECLARED_SELECTOR = YES;
				GCC_WARN_UNINITIALIZED_AUTOS = YES_AGGRESSIVE;
				GCC_WARN_UNUSED_FUNCTION = YES;
				GCC_WARN_UNUSED_VARIABLE = YES;
				IPHONEOS_DEPLOYMENT_TARGET = 11.1;
				MTL_ENABLE_DEBUG_INFO = YES;
				ONLY_ACTIVE_ARCH = YES;
				SDKROOT = iphoneos;
				SWIFT_ACTIVE_COMPILATION_CONDITIONS = DEBUG;
				SWIFT_OPTIMIZATION_LEVEL = "-Onone";
			};
			name = Debug;
		};
		FA7229851FBD48CB00827D8E /* Release */ = {
			isa = XCBuildConfiguration;
			buildSettings = {
				ALWAYS_SEARCH_USER_PATHS = NO;
				CLANG_ANALYZER_NONNULL = YES;
				CLANG_ANALYZER_NUMBER_OBJECT_CONVERSION = YES_AGGRESSIVE;
				CLANG_CXX_LANGUAGE_STANDARD = "gnu++14";
				CLANG_CXX_LIBRARY = "libc++";
				CLANG_ENABLE_MODULES = YES;
				CLANG_ENABLE_OBJC_ARC = YES;
				CLANG_WARN_BLOCK_CAPTURE_AUTORELEASING = YES;
				CLANG_WARN_BOOL_CONVERSION = YES;
				CLANG_WARN_COMMA = YES;
				CLANG_WARN_CONSTANT_CONVERSION = YES;
				CLANG_WARN_DIRECT_OBJC_ISA_USAGE = YES_ERROR;
				CLANG_WARN_DOCUMENTATION_COMMENTS = YES;
				CLANG_WARN_EMPTY_BODY = YES;
				CLANG_WARN_ENUM_CONVERSION = YES;
				CLANG_WARN_INFINITE_RECURSION = YES;
				CLANG_WARN_INT_CONVERSION = YES;
				CLANG_WARN_NON_LITERAL_NULL_CONVERSION = YES;
				CLANG_WARN_OBJC_LITERAL_CONVERSION = YES;
				CLANG_WARN_OBJC_ROOT_CLASS = YES_ERROR;
				CLANG_WARN_RANGE_LOOP_ANALYSIS = YES;
				CLANG_WARN_STRICT_PROTOTYPES = YES;
				CLANG_WARN_SUSPICIOUS_MOVE = YES;
				CLANG_WARN_UNGUARDED_AVAILABILITY = YES_AGGRESSIVE;
				CLANG_WARN_UNREACHABLE_CODE = YES;
				CLANG_WARN__DUPLICATE_METHOD_MATCH = YES;
				CODE_SIGN_IDENTITY = "iPhone Developer";
				COPY_PHASE_STRIP = NO;
				DEBUG_INFORMATION_FORMAT = "dwarf-with-dsym";
				ENABLE_NS_ASSERTIONS = NO;
				ENABLE_STRICT_OBJC_MSGSEND = YES;
				GCC_C_LANGUAGE_STANDARD = gnu11;
				GCC_NO_COMMON_BLOCKS = YES;
				GCC_WARN_64_TO_32_BIT_CONVERSION = YES;
				GCC_WARN_ABOUT_RETURN_TYPE = YES_ERROR;
				GCC_WARN_UNDECLARED_SELECTOR = YES;
				GCC_WARN_UNINITIALIZED_AUTOS = YES_AGGRESSIVE;
				GCC_WARN_UNUSED_FUNCTION = YES;
				GCC_WARN_UNUSED_VARIABLE = YES;
				IPHONEOS_DEPLOYMENT_TARGET = 11.1;
				MTL_ENABLE_DEBUG_INFO = NO;
				SDKROOT = iphoneos;
				SWIFT_OPTIMIZATION_LEVEL = "-Owholemodule";
				VALIDATE_PRODUCT = YES;
			};
			name = Release;
		};
		FA7229871FBD48CB00827D8E /* Debug */ = {
			isa = XCBuildConfiguration;
			buildSettings = {
				ASSETCATALOG_COMPILER_APPICON_NAME = AppIcon;
				CODE_SIGN_STYLE = Automatic;
				DEVELOPMENT_TEAM = WC65ELHV6C;
				INFOPLIST_FILE = "AR Drawing/Info.plist";
				LD_RUNPATH_SEARCH_PATHS = "$(inherited) @executable_path/Frameworks";
				PRODUCT_BUNDLE_IDENTIFIER = "com.digitallysavvy.AR-Drawing";
				PRODUCT_NAME = "$(TARGET_NAME)";
				SWIFT_VERSION = 4.0;
				TARGETED_DEVICE_FAMILY = "1,2";
			};
			name = Debug;
		};
		FA7229881FBD48CB00827D8E /* Release */ = {
			isa = XCBuildConfiguration;
			buildSettings = {
				ASSETCATALOG_COMPILER_APPICON_NAME = AppIcon;
				CODE_SIGN_STYLE = Automatic;
				DEVELOPMENT_TEAM = WC65ELHV6C;
				INFOPLIST_FILE = "AR Drawing/Info.plist";
				LD_RUNPATH_SEARCH_PATHS = "$(inherited) @executable_path/Frameworks";
				PRODUCT_BUNDLE_IDENTIFIER = "com.digitallysavvy.AR-Drawing";
				PRODUCT_NAME = "$(TARGET_NAME)";
				SWIFT_VERSION = 4.0;
				TARGETED_DEVICE_FAMILY = "1,2";
			};
			name = Release;
		};
		FA72298A1FBD48CB00827D8E /* Debug */ = {
			isa = XCBuildConfiguration;
			buildSettings = {
				ALWAYS_EMBED_SWIFT_STANDARD_LIBRARIES = YES;
				BUNDLE_LOADER = "$(TEST_HOST)";
				CODE_SIGN_STYLE = Automatic;
				INFOPLIST_FILE = "AR DrawingTests/Info.plist";
				LD_RUNPATH_SEARCH_PATHS = "$(inherited) @executable_path/Frameworks @loader_path/Frameworks";
				PRODUCT_BUNDLE_IDENTIFIER = "com.digitallysavvy.AR-DrawingTests";
				PRODUCT_NAME = "$(TARGET_NAME)";
				SWIFT_VERSION = 4.0;
				TARGETED_DEVICE_FAMILY = "1,2";
				TEST_HOST = "$(BUILT_PRODUCTS_DIR)/AR Drawing.app/AR Drawing";
			};
			name = Debug;
		};
		FA72298B1FBD48CB00827D8E /* Release */ = {
			isa = XCBuildConfiguration;
			buildSettings = {
				ALWAYS_EMBED_SWIFT_STANDARD_LIBRARIES = YES;
				BUNDLE_LOADER = "$(TEST_HOST)";
				CODE_SIGN_STYLE = Automatic;
				INFOPLIST_FILE = "AR DrawingTests/Info.plist";
				LD_RUNPATH_SEARCH_PATHS = "$(inherited) @executable_path/Frameworks @loader_path/Frameworks";
				PRODUCT_BUNDLE_IDENTIFIER = "com.digitallysavvy.AR-DrawingTests";
				PRODUCT_NAME = "$(TARGET_NAME)";
				SWIFT_VERSION = 4.0;
				TARGETED_DEVICE_FAMILY = "1,2";
				TEST_HOST = "$(BUILT_PRODUCTS_DIR)/AR Drawing.app/AR Drawing";
			};
			name = Release;
		};
		FA72298D1FBD48CB00827D8E /* Debug */ = {
			isa = XCBuildConfiguration;
			buildSettings = {
				ALWAYS_EMBED_SWIFT_STANDARD_LIBRARIES = YES;
				CODE_SIGN_STYLE = Automatic;
				INFOPLIST_FILE = "AR DrawingUITests/Info.plist";
				LD_RUNPATH_SEARCH_PATHS = "$(inherited) @executable_path/Frameworks @loader_path/Frameworks";
				PRODUCT_BUNDLE_IDENTIFIER = "com.digitallysavvy.AR-DrawingUITests";
				PRODUCT_NAME = "$(TARGET_NAME)";
				SWIFT_VERSION = 4.0;
				TARGETED_DEVICE_FAMILY = "1,2";
				TEST_TARGET_NAME = "AR Drawing";
			};
			name = Debug;
		};
		FA72298E1FBD48CB00827D8E /* Release */ = {
			isa = XCBuildConfiguration;
			buildSettings = {
				ALWAYS_EMBED_SWIFT_STANDARD_LIBRARIES = YES;
				CODE_SIGN_STYLE = Automatic;
				INFOPLIST_FILE = "AR DrawingUITests/Info.plist";
				LD_RUNPATH_SEARCH_PATHS = "$(inherited) @executable_path/Frameworks @loader_path/Frameworks";
				PRODUCT_BUNDLE_IDENTIFIER = "com.digitallysavvy.AR-DrawingUITests";
				PRODUCT_NAME = "$(TARGET_NAME)";
				SWIFT_VERSION = 4.0;
				TARGETED_DEVICE_FAMILY = "1,2";
				TEST_TARGET_NAME = "AR Drawing";
			};
			name = Release;
		};
/* End XCBuildConfiguration section */

/* Begin XCConfigurationList section */
		FA7229591FBD48CB00827D8E /* Build configuration list for PBXProject "AR Drawing" */ = {
			isa = XCConfigurationList;
			buildConfigurations = (
				FA7229841FBD48CB00827D8E /* Debug */,
				FA7229851FBD48CB00827D8E /* Release */,
			);
			defaultConfigurationIsVisible = 0;
			defaultConfigurationName = Release;
		};
		FA7229861FBD48CB00827D8E /* Build configuration list for PBXNativeTarget "AR Drawing" */ = {
			isa = XCConfigurationList;
			buildConfigurations = (
				FA7229871FBD48CB00827D8E /* Debug */,
				FA7229881FBD48CB00827D8E /* Release */,
			);
			defaultConfigurationIsVisible = 0;
			defaultConfigurationName = Release;
		};
		FA7229891FBD48CB00827D8E /* Build configuration list for PBXNativeTarget "AR DrawingTests" */ = {
			isa = XCConfigurationList;
			buildConfigurations = (
				FA72298A1FBD48CB00827D8E /* Debug */,
				FA72298B1FBD48CB00827D8E /* Release */,
			);
			defaultConfigurationIsVisible = 0;
			defaultConfigurationName = Release;
		};
		FA72298C1FBD48CB00827D8E /* Build configuration list for PBXNativeTarget "AR DrawingUITests" */ = {
			isa = XCConfigurationList;
			buildConfigurations = (
				FA72298D1FBD48CB00827D8E /* Debug */,
				FA72298E1FBD48CB00827D8E /* Release */,
			);
			defaultConfigurationIsVisible = 0;
			defaultConfigurationName = Release;
		};
/* End XCConfigurationList section */
	};
	rootObject = FA7229561FBD48CB00827D8E /* Project object */;
}
